// !$*UTF8*$!
{
	archiveVersion = 1;
	classes = {
	};
	objectVersion = 46;
	objects = {

/* Begin PBXBuildFile section */
		E48EEAEE1A2D15E500FCE92B /* main.m in Sources */ = {isa = PBXBuildFile; fileRef = E48EEAED1A2D15E500FCE92B /* main.m */; };
		E48EEAF11A2D15E500FCE92B /* AppDelegate.m in Sources */ = {isa = PBXBuildFile; fileRef = E48EEAF01A2D15E500FCE92B /* AppDelegate.m */; };
		E48EEAF41A2D15E500FCE92B /* MasterViewController.m in Sources */ = {isa = PBXBuildFile; fileRef = E48EEAF31A2D15E500FCE92B /* MasterViewController.m */; };
		E48EEAF71A2D15E500FCE92B /* DetailViewController.m in Sources */ = {isa = PBXBuildFile; fileRef = E48EEAF61A2D15E500FCE92B /* DetailViewController.m */; };
		E48EEAFA1A2D15E500FCE92B /* Main.storyboard in Resources */ = {isa = PBXBuildFile; fileRef = E48EEAF81A2D15E500FCE92B /* Main.storyboard */; };
		E48EEAFC1A2D15E500FCE92B /* Images.xcassets in Resources */ = {isa = PBXBuildFile; fileRef = E48EEAFB1A2D15E500FCE92B /* Images.xcassets */; };
		E48EEAFF1A2D15E500FCE92B /* LaunchScreen.xib in Resources */ = {isa = PBXBuildFile; fileRef = E48EEAFD1A2D15E500FCE92B /* LaunchScreen.xib */; };
		E48EEB0B1A2D15E500FCE92B /* SimMemoryTests.m in Sources */ = {isa = PBXBuildFile; fileRef = E48EEB0A1A2D15E500FCE92B /* SimMemoryTests.m */; };
/* End PBXBuildFile section */

/* Begin PBXContainerItemProxy section */
		E48EEB051A2D15E500FCE92B /* PBXContainerItemProxy */ = {
			isa = PBXContainerItemProxy;
			containerPortal = E48EEAE01A2D15E400FCE92B /* Project object */;
			proxyType = 1;
			remoteGlobalIDString = E48EEAE71A2D15E400FCE92B;
			remoteInfo = SimMemory;
		};
/* End PBXContainerItemProxy section */

/* Begin PBXFileReference section */
		E48EEAE81A2D15E500FCE92B /* SimMemory.app */ = {isa = PBXFileReference; explicitFileType = wrapper.application; includeInIndex = 0; path = SimMemory.app; sourceTree = BUILT_PRODUCTS_DIR; };
		E48EEAEC1A2D15E500FCE92B /* Info.plist */ = {isa = PBXFileReference; lastKnownFileType = text.plist.xml; path = Info.plist; sourceTree = "<group>"; };
		E48EEAED1A2D15E500FCE92B /* main.m */ = {isa = PBXFileReference; lastKnownFileType = sourcecode.c.objc; path = main.m; sourceTree = "<group>"; };
		E48EEAEF1A2D15E500FCE92B /* AppDelegate.h */ = {isa = PBXFileReference; lastKnownFileType = sourcecode.c.h; path = AppDelegate.h; sourceTree = "<group>"; };
		E48EEAF01A2D15E500FCE92B /* AppDelegate.m */ = {isa = PBXFileReference; lastKnownFileType = sourcecode.c.objc; path = AppDelegate.m; sourceTree = "<group>"; };
		E48EEAF21A2D15E500FCE92B /* MasterViewController.h */ = {isa = PBXFileReference; lastKnownFileType = sourcecode.c.h; path = MasterViewController.h; sourceTree = "<group>"; };
		E48EEAF31A2D15E500FCE92B /* MasterViewController.m */ = {isa = PBXFileReference; lastKnownFileType = sourcecode.c.objc; path = MasterViewController.m; sourceTree = "<group>"; };
		E48EEAF51A2D15E500FCE92B /* DetailViewController.h */ = {isa = PBXFileReference; lastKnownFileType = sourcecode.c.h; path = DetailViewController.h; sourceTree = "<group>"; };
		E48EEAF61A2D15E500FCE92B /* DetailViewController.m */ = {isa = PBXFileReference; lastKnownFileType = sourcecode.c.objc; path = DetailViewController.m; sourceTree = "<group>"; };
		E48EEAF91A2D15E500FCE92B /* Base */ = {isa = PBXFileReference; lastKnownFileType = file.storyboard; name = Base; path = Base.lproj/Main.storyboard; sourceTree = "<group>"; };
		E48EEAFB1A2D15E500FCE92B /* Images.xcassets */ = {isa = PBXFileReference; lastKnownFileType = folder.assetcatalog; path = Images.xcassets; sourceTree = "<group>"; };
		E48EEAFE1A2D15E500FCE92B /* Base */ = {isa = PBXFileReference; lastKnownFileType = file.xib; name = Base; path = Base.lproj/LaunchScreen.xib; sourceTree = "<group>"; };
		E48EEB041A2D15E500FCE92B /* SimMemoryTests.xctest */ = {isa = PBXFileReference; explicitFileType = wrapper.cfbundle; includeInIndex = 0; path = SimMemoryTests.xctest; sourceTree = BUILT_PRODUCTS_DIR; };
		E48EEB091A2D15E500FCE92B /* Info.plist */ = {isa = PBXFileReference; lastKnownFileType = text.plist.xml; path = Info.plist; sourceTree = "<group>"; };
		E48EEB0A1A2D15E500FCE92B /* SimMemoryTests.m */ = {isa = PBXFileReference; lastKnownFileType = sourcecode.c.objc; path = SimMemoryTests.m; sourceTree = "<group>"; };
/* End PBXFileReference section */

/* Begin PBXFrameworksBuildPhase section */
		E48EEAE51A2D15E400FCE92B /* Frameworks */ = {
			isa = PBXFrameworksBuildPhase;
			buildActionMask = 2147483647;
			files = (
			);
			runOnlyForDeploymentPostprocessing = 0;
		};
		E48EEB011A2D15E500FCE92B /* Frameworks */ = {
			isa = PBXFrameworksBuildPhase;
			buildActionMask = 2147483647;
			files = (
			);
			runOnlyForDeploymentPostprocessing = 0;
		};
/* End PBXFrameworksBuildPhase section */

/* Begin PBXGroup section */
		E48EEADF1A2D15E400FCE92B = {
			isa = PBXGroup;
			children = (
				E48EEAEA1A2D15E500FCE92B /* SimMemory */,
				E48EEB071A2D15E500FCE92B /* SimMemoryTests */,
				E48EEAE91A2D15E500FCE92B /* Products */,
			);
			sourceTree = "<group>";
		};
		E48EEAE91A2D15E500FCE92B /* Products */ = {
			isa = PBXGroup;
			children = (
				E48EEAE81A2D15E500FCE92B /* SimMemory.app */,
				E48EEB041A2D15E500FCE92B /* SimMemoryTests.xctest */,
			);
			name = Products;
			sourceTree = "<group>";
		};
		E48EEAEA1A2D15E500FCE92B /* SimMemory */ = {
			isa = PBXGroup;
			children = (
				E48EEAEF1A2D15E500FCE92B /* AppDelegate.h */,
				E48EEAF01A2D15E500FCE92B /* AppDelegate.m */,
				E48EEAF21A2D15E500FCE92B /* MasterViewController.h */,
				E48EEAF31A2D15E500FCE92B /* MasterViewController.m */,
				E48EEAF51A2D15E500FCE92B /* DetailViewController.h */,
				E48EEAF61A2D15E500FCE92B /* DetailViewController.m */,
				E48EEAF81A2D15E500FCE92B /* Main.storyboard */,
				E48EEAFB1A2D15E500FCE92B /* Images.xcassets */,
				E48EEAFD1A2D15E500FCE92B /* LaunchScreen.xib */,
				E48EEAEB1A2D15E500FCE92B /* Supporting Files */,
			);
			path = SimMemory;
			sourceTree = "<group>";
		};
		E48EEAEB1A2D15E500FCE92B /* Supporting Files */ = {
			isa = PBXGroup;
			children = (
				E48EEAEC1A2D15E500FCE92B /* Info.plist */,
				E48EEAED1A2D15E500FCE92B /* main.m */,
			);
			name = "Supporting Files";
			sourceTree = "<group>";
		};
		E48EEB071A2D15E500FCE92B /* SimMemoryTests */ = {
			isa = PBXGroup;
			children = (
				E48EEB0A1A2D15E500FCE92B /* SimMemoryTests.m */,
				E48EEB081A2D15E500FCE92B /* Supporting Files */,
			);
			path = SimMemoryTests;
			sourceTree = "<group>";
		};
		E48EEB081A2D15E500FCE92B /* Supporting Files */ = {
			isa = PBXGroup;
			children = (
				E48EEB091A2D15E500FCE92B /* Info.plist */,
			);
			name = "Supporting Files";
			sourceTree = "<group>";
		};
/* End PBXGroup section */

/* Begin PBXNativeTarget section */
		E48EEAE71A2D15E400FCE92B /* SimMemory */ = {
			isa = PBXNativeTarget;
			buildConfigurationList = E48EEB0E1A2D15E500FCE92B /* Build configuration list for PBXNativeTarget "SimMemory" */;
			buildPhases = (
				E48EEAE41A2D15E400FCE92B /* Sources */,
				E48EEAE51A2D15E400FCE92B /* Frameworks */,
				E48EEAE61A2D15E400FCE92B /* Resources */,
			);
			buildRules = (
			);
			dependencies = (
			);
			name = SimMemory;
			productName = SimMemory;
			productReference = E48EEAE81A2D15E500FCE92B /* SimMemory.app */;
			productType = "com.apple.product-type.application";
		};
		E48EEB031A2D15E500FCE92B /* SimMemoryTests */ = {
			isa = PBXNativeTarget;
			buildConfigurationList = E48EEB111A2D15E500FCE92B /* Build configuration list for PBXNativeTarget "SimMemoryTests" */;
			buildPhases = (
				E48EEB001A2D15E500FCE92B /* Sources */,
				E48EEB011A2D15E500FCE92B /* Frameworks */,
				E48EEB021A2D15E500FCE92B /* Resources */,
			);
			buildRules = (
			);
			dependencies = (
				E48EEB061A2D15E500FCE92B /* PBXTargetDependency */,
			);
			name = SimMemoryTests;
			productName = SimMemoryTests;
			productReference = E48EEB041A2D15E500FCE92B /* SimMemoryTests.xctest */;
			productType = "com.apple.product-type.bundle.unit-test";
		};
/* End PBXNativeTarget section */

/* Begin PBXProject section */
		E48EEAE01A2D15E400FCE92B /* Project object */ = {
			isa = PBXProject;
			attributes = {
				LastUpgradeCheck = 0610;
				ORGANIZATIONNAME = Stanley;
				TargetAttributes = {
					E48EEAE71A2D15E400FCE92B = {
						CreatedOnToolsVersion = 6.1;
					};
					E48EEB031A2D15E500FCE92B = {
						CreatedOnToolsVersion = 6.1;
						TestTargetID = E48EEAE71A2D15E400FCE92B;
					};
				};
			};
			buildConfigurationList = E48EEAE31A2D15E400FCE92B /* Build configuration list for PBXProject "SimMemory" */;
			compatibilityVersion = "Xcode 3.2";
			developmentRegion = English;
			hasScannedForEncodings = 0;
			knownRegions = (
				en,
				Base,
			);
			mainGroup = E48EEADF1A2D15E400FCE92B;
			productRefGroup = E48EEAE91A2D15E500FCE92B /* Products */;
			projectDirPath = "";
			projectRoot = "";
			targets = (
				E48EEAE71A2D15E400FCE92B /* SimMemory */,
				E48EEB031A2D15E500FCE92B /* SimMemoryTests */,
			);
		};
/* End PBXProject section */

/* Begin PBXResourcesBuildPhase section */
		E48EEAE61A2D15E400FCE92B /* Resources */ = {
			isa = PBXResourcesBuildPhase;
			buildActionMask = 2147483647;
			files = (
				E48EEAFA1A2D15E500FCE92B /* Main.storyboard in Resources */,
				E48EEAFF1A2D15E500FCE92B /* LaunchScreen.xib in Resources */,
				E48EEAFC1A2D15E500FCE92B /* Images.xcassets in Resources */,
			);
			runOnlyForDeploymentPostprocessing = 0;
		};
		E48EEB021A2D15E500FCE92B /* Resources */ = {
			isa = PBXResourcesBuildPhase;
			buildActionMask = 2147483647;
			files = (
			);
			runOnlyForDeploymentPostprocessing = 0;
		};
/* End PBXResourcesBuildPhase section */

/* Begin PBXSourcesBuildPhase section */
		E48EEAE41A2D15E400FCE92B /* Sources */ = {
			isa = PBXSourcesBuildPhase;
			buildActionMask = 2147483647;
			files = (
				E48EEAF11A2D15E500FCE92B /* AppDelegate.m in Sources */,
				E48EEAF41A2D15E500FCE92B /* MasterViewController.m in Sources */,
				E48EEAEE1A2D15E500FCE92B /* main.m in Sources */,
				E48EEAF71A2D15E500FCE92B /* DetailViewController.m in Sources */,
			);
			runOnlyForDeploymentPostprocessing = 0;
		};
		E48EEB001A2D15E500FCE92B /* Sources */ = {
			isa = PBXSourcesBuildPhase;
			buildActionMask = 2147483647;
			files = (
				E48EEB0B1A2D15E500FCE92B /* SimMemoryTests.m in Sources */,
			);
			runOnlyForDeploymentPostprocessing = 0;
		};
/* End PBXSourcesBuildPhase section */

/* Begin PBXTargetDependency section */
		E48EEB061A2D15E500FCE92B /* PBXTargetDependency */ = {
			isa = PBXTargetDependency;
			target = E48EEAE71A2D15E400FCE92B /* SimMemory */;
			targetProxy = E48EEB051A2D15E500FCE92B /* PBXContainerItemProxy */;
		};
/* End PBXTargetDependency section */

/* Begin PBXVariantGroup section */
		E48EEAF81A2D15E500FCE92B /* Main.storyboard */ = {
			isa = PBXVariantGroup;
			children = (
				E48EEAF91A2D15E500FCE92B /* Base */,
			);
			name = Main.storyboard;
			sourceTree = "<group>";
		};
		E48EEAFD1A2D15E500FCE92B /* LaunchScreen.xib */ = {
			isa = PBXVariantGroup;
			children = (
				E48EEAFE1A2D15E500FCE92B /* Base */,
			);
			name = LaunchScreen.xib;
			sourceTree = "<group>";
		};
/* End PBXVariantGroup section */

/* Begin XCBuildConfiguration section */
		E48EEB0C1A2D15E500FCE92B /* Debug */ = {
			isa = XCBuildConfiguration;
			buildSettings = {
				ALWAYS_SEARCH_USER_PATHS = NO;
				CLANG_CXX_LANGUAGE_STANDARD = "gnu++0x";
				CLANG_CXX_LIBRARY = "libc++";
				CLANG_ENABLE_MODULES = YES;
				CLANG_ENABLE_OBJC_ARC = YES;
				CLANG_WARN_BOOL_CONVERSION = YES;
				CLANG_WARN_CONSTANT_CONVERSION = YES;
				CLANG_WARN_DIRECT_OBJC_ISA_USAGE = YES_ERROR;
				CLANG_WARN_EMPTY_BODY = YES;
				CLANG_WARN_ENUM_CONVERSION = YES;
				CLANG_WARN_INT_CONVERSION = YES;
				CLANG_WARN_OBJC_ROOT_CLASS = YES_ERROR;
				CLANG_WARN_UNREACHABLE_CODE = YES;
				CLANG_WARN__DUPLICATE_METHOD_MATCH = YES;
				"CODE_SIGN_IDENTITY[sdk=iphoneos*]" = "iPhone Developer";
				COPY_PHASE_STRIP = NO;
				ENABLE_STRICT_OBJC_MSGSEND = YES;
				GCC_C_LANGUAGE_STANDARD = gnu99;
				GCC_DYNAMIC_NO_PIC = NO;
				GCC_OPTIMIZATION_LEVEL = 0;
				GCC_PREPROCESSOR_DEFINITIONS = (
					"DEBUG=1",
					"$(inherited)",
				);
				GCC_SYMBOLS_PRIVATE_EXTERN = NO;
				GCC_WARN_64_TO_32_BIT_CONVERSION = YES;
				GCC_WARN_ABOUT_RETURN_TYPE = YES_ERROR;
				GCC_WARN_UNDECLARED_SELECTOR = YES;
				GCC_WARN_UNINITIALIZED_AUTOS = YES_AGGRESSIVE;
				GCC_WARN_UNUSED_FUNCTION = YES;
				GCC_WARN_UNUSED_VARIABLE = YES;
				IPHONEOS_DEPLOYMENT_TARGET = 8.1;
				MTL_ENABLE_DEBUG_INFO = YES;
				ONLY_ACTIVE_ARCH = YES;
				SDKROOT = iphoneos;
				TARGETED_DEVICE_FAMILY = "1,2";
			};
			name = Debug;
		};
		E48EEB0D1A2D15E500FCE92B /* Release */ = {
			isa = XCBuildConfiguration;
			buildSettings = {
				ALWAYS_SEARCH_USER_PATHS = NO;
				CLANG_CXX_LANGUAGE_STANDARD = "gnu++0x";
				CLANG_CXX_LIBRARY = "libc++";
				CLANG_ENABLE_MODULES = YES;
				CLANG_ENABLE_OBJC_ARC = YES;
				CLANG_WARN_BOOL_CONVERSION = YES;
				CLANG_WARN_CONSTANT_CONVERSION = YES;
				CLANG_WARN_DIRECT_OBJC_ISA_USAGE = YES_ERROR;
				CLANG_WARN_EMPTY_BODY = YES;
				CLANG_WARN_ENUM_CONVERSION = YES;
				CLANG_WARN_INT_CONVERSION = YES;
				CLANG_WARN_OBJC_ROOT_CLASS = YES_ERROR;
				CLANG_WARN_UNREACHABLE_CODE = YES;
				CLANG_WARN__DUPLICATE_METHOD_MATCH = YES;
				"CODE_SIGN_IDENTITY[sdk=iphoneos*]" = "iPhone Developer";
				COPY_PHASE_STRIP = YES;
				ENABLE_NS_ASSERTIONS = NO;
				ENABLE_STRICT_OBJC_MSGSEND = YES;
				GCC_C_LANGUAGE_STANDARD = gnu99;
				GCC_WARN_64_TO_32_BIT_CONVERSION = YES;
				GCC_WARN_ABOUT_RETURN_TYPE = YES_ERROR;
				GCC_WARN_UNDECLARED_SELECTOR = YES;
				GCC_WARN_UNINITIALIZED_AUTOS = YES_AGGRESSIVE;
				GCC_WARN_UNUSED_FUNCTION = YES;
				GCC_WARN_UNUSED_VARIABLE = YES;
				IPHONEOS_DEPLOYMENT_TARGET = 8.1;
				MTL_ENABLE_DEBUG_INFO = NO;
				SDKROOT = iphoneos;
				TARGETED_DEVICE_FAMILY = "1,2";
				VALIDATE_PRODUCT = YES;
			};
			name = Release;
		};
		E48EEB0F1A2D15E500FCE92B /* Debug */ = {
			isa = XCBuildConfiguration;
			buildSettings = {
				ASSETCATALOG_COMPILER_APPICON_NAME = AppIcon;
				INFOPLIST_FILE = SimMemory/Info.plist;
				LD_RUNPATH_SEARCH_PATHS = "$(inherited) @executable_path/Frameworks";
				PRODUCT_NAME = "$(TARGET_NAME)";
			};
			name = Debug;
		};
		E48EEB101A2D15E500FCE92B /* Release */ = {
			isa = XCBuildConfiguration;
			buildSettings = {
				ASSETCATALOG_COMPILER_APPICON_NAME = AppIcon;
				INFOPLIST_FILE = SimMemory/Info.plist;
				LD_RUNPATH_SEARCH_PATHS = "$(inherited) @executable_path/Frameworks";
				PRODUCT_NAME = "$(TARGET_NAME)";
			};
			name = Release;
		};
		E48EEB121A2D15E500FCE92B /* Debug */ = {
			isa = XCBuildConfiguration;
			buildSettings = {
				BUNDLE_LOADER = "$(TEST_HOST)";
				FRAMEWORK_SEARCH_PATHS = (
					"$(SDKROOT)/Developer/Library/Frameworks",
					"$(inherited)",
				);
				GCC_PREPROCESSOR_DEFINITIONS = (
					"DEBUG=1",
					"$(inherited)",
				);
				INFOPLIST_FILE = SimMemoryTests/Info.plist;
				LD_RUNPATH_SEARCH_PATHS = "$(inherited) @executable_path/Frameworks @loader_path/Frameworks";
				PRODUCT_NAME = "$(TARGET_NAME)";
				TEST_HOST = "$(BUILT_PRODUCTS_DIR)/SimMemory.app/SimMemory";
			};
			name = Debug;
		};
		E48EEB131A2D15E500FCE92B /* Release */ = {
			isa = XCBuildConfiguration;
			buildSettings = {
				BUNDLE_LOADER = "$(TEST_HOST)";
				FRAMEWORK_SEARCH_PATHS = (
					"$(SDKROOT)/Developer/Library/Frameworks",
					"$(inherited)",
				);
				INFOPLIST_FILE = SimMemoryTests/Info.plist;
				LD_RUNPATH_SEARCH_PATHS = "$(inherited) @executable_path/Frameworks @loader_path/Frameworks";
				PRODUCT_NAME = "$(TARGET_NAME)";
				TEST_HOST = "$(BUILT_PRODUCTS_DIR)/SimMemory.app/SimMemory";
			};
			name = Release;
		};
/* End XCBuildConfiguration section */

/* Begin XCConfigurationList section */
		E48EEAE31A2D15E400FCE92B /* Build configuration list for PBXProject "SimMemory" */ = {
			isa = XCConfigurationList;
			buildConfigurations = (
				E48EEB0C1A2D15E500FCE92B /* Debug */,
				E48EEB0D1A2D15E500FCE92B /* Release */,
			);
			defaultConfigurationIsVisible = 0;
			defaultConfigurationName = Release;
		};
		E48EEB0E1A2D15E500FCE92B /* Build configuration list for PBXNativeTarget "SimMemory" */ = {
			isa = XCConfigurationList;
			buildConfigurations = (
				E48EEB0F1A2D15E500FCE92B /* Debug */,
				E48EEB101A2D15E500FCE92B /* Release */,
			);
			defaultConfigurationIsVisible = 0;
		};
		E48EEB111A2D15E500FCE92B /* Build configuration list for PBXNativeTarget "SimMemoryTests" */ = {
			isa = XCConfigurationList;
			buildConfigurations = (
				E48EEB121A2D15E500FCE92B /* Debug */,
				E48EEB131A2D15E500FCE92B /* Release */,
			);
			defaultConfigurationIsVisible = 0;
		};
/* End XCConfigurationList section */
	};
	rootObject = E48EEAE01A2D15E400FCE92B /* Project object */;
}
